# THIS IS AN AUTOGENERATED FILE. DO NOT EDIT THIS FILE DIRECTLY.
# yarn lockfile v1


google-protobuf@^3.20.1:
  version "3.20.1"
  resolved "https://registry.yarnpkg.com/google-protobuf/-/google-protobuf-3.20.1.tgz#1b255c2b59bcda7c399df46c65206aa3c7a0ce8b"
  integrity sha512-XMf1+O32FjYIV3CYu6Tuh5PNbfNEU5Xu22X+Xkdb/DUexFlCzhvv7d5Iirm4AOwn8lv4al1YvIhzGrg2j9Zfzw==
